<?xml version="1.0" encoding="utf-8"?>
<Project ToolsVersion="4.0" xmlns="http://schemas.microsoft.com/developer/msbuild/2003">
  <ItemGroup>
    <Filter Include="Core">
      <UniqueIdentifier>{554275e0-274a-454a-a4ff-01918ceb550c}</UniqueIdentifier>
    </Filter>
    <Filter Include="Math">
      <UniqueIdentifier>{c9f76ccd-a1ec-44b2-8075-2498bb76d3fe}</UniqueIdentifier>
    </Filter>
    <Filter Include="Actor">
      <UniqueIdentifier>{69ec4099-ac43-4356-ac46-bc3342db86b1}</UniqueIdentifier>
    </Filter>
    <Filter Include="Actor\Components">
      <UniqueIdentifier>{9e2c4701-3f57-4770-97bc-d2208fefeeb8}</UniqueIdentifier>
    </Filter>
    <Filter Include="Event">
      <UniqueIdentifier>{ec8e9cba-8cea-4406-97ff-265f18825760}</UniqueIdentifier>
    </Filter>
    <Filter Include="Resource">
      <UniqueIdentifier>{bf9a92e0-341b-4f61-a7d5-d06eb8ef6228}</UniqueIdentifier>
    </Filter>
  </ItemGroup>
  <ItemGroup>
    <ClCompile Include="Core\NoodleLogger.cpp">
      <Filter>Core</Filter>
    </ClCompile>
    <ClCompile Include="Actor\ActorFactory.cpp">
      <Filter>Actor</Filter>
    </ClCompile>
    <ClCompile Include="Actor\Actor.cpp">
      <Filter>Actor</Filter>
    </ClCompile>
    <ClCompile Include="Actor\Components\ActorComponent.cpp">
      <Filter>Actor\Components</Filter>
    </ClCompile>
    <ClCompile Include="Actor\Components\Transform.cpp">
      <Filter>Actor\Components</Filter>
    </ClCompile>
    <ClCompile Include="Actor\Scene.cpp">
      <Filter>Actor</Filter>
    </ClCompile>
    <ClCompile Include="Actor\SceneFactory.cpp">
      <Filter>Actor</Filter>
    </ClCompile>
    <ClCompile Include="NoodleAllocator.cpp" />
    <ClCompile Include="NoodleApp.cpp" />
    <ClCompile Include="NoodleEntry.cpp" />
    <ClCompile Include="NoodleInput.cpp" />
    <ClCompile Include="NoodlePch.cpp" />
    <ClCompile Include="WinEntry.cpp" />
    <ClCompile Include="NoodleClock.cpp" />
    <ClCompile Include="Event\EventManager.cpp">
      <Filter>Event</Filter>
    </ClCompile>
  </ItemGroup>
  <ItemGroup>
    <ClInclude Include="Core\NoodleConfig.h">
      <Filter>Core</Filter>
    </ClInclude>
    <ClInclude Include="Core\NoodleCore.h">
      <Filter>Core</Filter>
    </ClInclude>
    <ClInclude Include="Core\NoodlePlatform.h">
      <Filter>Core</Filter>
    </ClInclude>
    <ClInclude Include="Core\NoodleTypes.h">
      <Filter>Core</Filter>
    </ClInclude>
    <ClInclude Include="Core\NoodleLogger.h">
      <Filter>Core</Filter>
    </ClInclude>
    <ClInclude Include="Math\NoodleMath.h">
      <Filter>Math</Filter>
    </ClInclude>
    <ClInclude Include="Actor\ActorFactory.h">
      <Filter>Actor</Filter>
    </ClInclude>
    <ClInclude Include="Actor\Actor.h">
      <Filter>Actor</Filter>
    </ClInclude>
    <ClInclude Include="Actor\Components\ActorComponent.h">
      <Filter>Actor\Components</Filter>
    </ClInclude>
    <ClInclude Include="Actor\Components\TransformInterface.h">
      <Filter>Actor\Components</Filter>
    </ClInclude>
    <ClInclude Include="Actor\Components\Transform.h">
      <Filter>Actor\Components</Filter>
    </ClInclude>
    <ClInclude Include="Actor\Components\ComponentIds.h">
      <Filter>Actor\Components</Filter>
    </ClInclude>
    <ClInclude Include="Actor\Scene.h">
      <Filter>Actor</Filter>
    </ClInclude>
    <ClInclude Include="Actor\SceneFactory.h">
      <Filter>Actor</Filter>
    </ClInclude>
    <ClInclude Include="NoodleAllocator.h" />
    <ClInclude Include="NoodleApp.h" />
    <ClInclude Include="NoodleEntry.h" />
    <ClInclude Include="NoodleInput.h" />
    <ClInclude Include="NoodlePch.h" />
    <ClInclude Include="NoodleClock.h" />
    <ClInclude Include="Event\Event.h">
      <Filter>Event</Filter>
    </ClInclude>
    <ClInclude Include="Event\WindowResizeEvent.h">
      <Filter>Event</Filter>
    </ClInclude>
    <ClInclude Include="Event\EventManager.h">
      <Filter>Event</Filter>
    </ClInclude>
    <ClInclude Include="Resource\ResourceTypes.h">
      <Filter>Resource</Filter>
    </ClInclude>
    <ClInclude Include="Actor\Components\SpriteInterface.h">
      <Filter>Actor\Components</Filter>
    </ClInclude>
  </ItemGroup>
</Project>